
Microsoft Visual Studio Solution File, Format Version 12.00
# Visual Studio Version 17
VisualStudioVersion = 17.5.33424.131
MinimumVisualStudioVersion = 10.0.40219.1
Project("{8BC9CEB8-8B4A-11D0-8D11-00A0C91BC942}") = "ConsoleApplication16", "ConsoleApplication16.vcxproj", "{46DBCAF3-5651-4396-9D45-C3CE7A63BC01}"
EndProject
Global
	GlobalSection(SolutionConfigurationPlatforms) = preSolution
		Debug|x64 = Debug|x64
		Debug|x86 = Debug|x86
		Release|x64 = Release|x64
		Release|x86 = Release|x86
	EndGlobalSection
	GlobalSection(ProjectConfigurationPlatforms) = postSolution
		{46DBCAF3-5651-4396-9D45-C3CE7A63BC01}.Debug|x64.ActiveCfg = Debug|x64
		{46DBCAF3-5651-4396-9D45-C3CE7A63BC01}.Debug|x64.Build.0 = Debug|x64
		{46DBCAF3-5651-4396-9D45-C3CE7A63BC01}.Debug|x86.ActiveCfg = Debug|Win32
		{46DBCAF3-5651-4396-9D45-C3CE7A63BC01}.Debug|x86.Build.0 = Debug|Win32
		{46DBCAF3-5651-4396-9D45-C3CE7A63BC01}.Release|x64.ActiveCfg = Release|x64
		{46DBCAF3-5651-4396-9D45-C3CE7A63BC01}.Release|x64.Build.0 = Release|x64
		{46DBCAF3-5651-4396-9D45-C3CE7A63BC01}.Release|x86.ActiveCfg = Release|Win32
		{46DBCAF3-5651-4396-9D45-C3CE7A63BC01}.Release|x86.Build.0 = Release|Win32
	EndGlobalSection
	GlobalSection(SolutionProperties) = preSolution
		HideSolutionNode = FALSE
	EndGlobalSection
	GlobalSection(ExtensibilityGlobals) = postSolution
		SolutionGuid = {0381182C-1B31-4AC0-9039-843D213C4850}
	EndGlobalSection
EndGlobal
